
Microsoft Visual Studio Solution File, Format Version 12.00
# Visual Studio Version 17
VisualStudioVersion = 17.8.34525.116
MinimumVisualStudioVersion = 10.0.40219.1
Project("{FAE04EC0-301F-11D3-BF4B-00C04F79EFBC}") = "2324_1Y_CpEOOP_ArrayDemo", "2324_1Y_CpEOOP_ArrayDemo\2324_1Y_CpEOOP_ArrayDemo.csproj", "{CE623003-0D0B-446A-B0E0-0C3A6933C31D}"
EndProject
Global
	GlobalSection(SolutionConfigurationPlatforms) = preSolution
		Debug|Any CPU = Debug|Any CPU
		Release|Any CPU = Release|Any CPU
	EndGlobalSection
	GlobalSection(ProjectConfigurationPlatforms) = postSolution
		{CE623003-0D0B-446A-B0E0-0C3A6933C31D}.Debug|Any CPU.ActiveCfg = Debug|Any CPU
		{CE623003-0D0B-446A-B0E0-0C3A6933C31D}.Debug|Any CPU.Build.0 = Debug|Any CPU
		{CE623003-0D0B-446A-B0E0-0C3A6933C31D}.Release|Any CPU.ActiveCfg = Release|Any CPU
		{CE623003-0D0B-446A-B0E0-0C3A6933C31D}.Release|Any CPU.Build.0 = Release|Any CPU
	EndGlobalSection
	GlobalSection(SolutionProperties) = preSolution
		HideSolutionNode = FALSE
	EndGlobalSection
	GlobalSection(ExtensibilityGlobals) = postSolution
		SolutionGuid = {269CB700-BA51-473D-8212-DE6D84B0A9D4}
	EndGlobalSection
EndGlobal
